
Microsoft Visual Studio Solution File, Format Version 12.00
# Visual Studio 15
VisualStudioVersion = 15.0.28307.421
MinimumVisualStudioVersion = 10.0.40219.1
Project("{FAE04EC0-301F-11D3-BF4B-00C04F79EFBC}") = "ICAOCodeParser", "ICAOCodeParser\ICAOCodeParser.csproj", "{845ECB59-08BB-4568-8A57-7C9E2EEEE067}"
EndProject
Global
	GlobalSection(SolutionConfigurationPlatforms) = preSolution
		Debug|Any CPU = Debug|Any CPU
		Release|Any CPU = Release|Any CPU
	EndGlobalSection
	GlobalSection(ProjectConfigurationPlatforms) = postSolution
		{845ECB59-08BB-4568-8A57-7C9E2EEEE067}.Debug|Any CPU.ActiveCfg = Debug|Any CPU
		{845ECB59-08BB-4568-8A57-7C9E2EEEE067}.Debug|Any CPU.Build.0 = Debug|Any CPU
		{845ECB59-08BB-4568-8A57-7C9E2EEEE067}.Release|Any CPU.ActiveCfg = Release|Any CPU
		{845ECB59-08BB-4568-8A57-7C9E2EEEE067}.Release|Any CPU.Build.0 = Release|Any CPU
	EndGlobalSection
	GlobalSection(SolutionProperties) = preSolution
		HideSolutionNode = FALSE
	EndGlobalSection
	GlobalSection(ExtensibilityGlobals) = postSolution
		SolutionGuid = {EDF82242-F094-4AA8-BA3B-0D5140440D8E}
	EndGlobalSection
EndGlobal
